
Microsoft Visual Studio Solution File, Format Version 12.00
# Visual Studio 2015
Project("{FAE04EC0-301F-11D3-BF4B-00C04F79EFBC}") = "MOBA-Sandbox.Plugins", "MOBA-Sandbox.Plugins.csproj", "{74A2DCE7-716B-05DA-B63C-CBB161DA5F0C}"
EndProject
Project("{FAE04EC0-301F-11D3-BF4B-00C04F79EFBC}") = "MOBA-Sandbox", "MOBA-Sandbox.csproj", "{714F2D87-B1E2-E1B0-D43D-970109F533DB}"
EndProject
Project("{FAE04EC0-301F-11D3-BF4B-00C04F79EFBC}") = "MOBA-Sandbox.Editor", "MOBA-Sandbox.Editor.csproj", "{907F28B5-F986-CDFE-80D8-415890057150}"
EndProject
Global
	GlobalSection(SolutionConfigurationPlatforms) = preSolution
		Debug|Any CPU = Debug|Any CPU
		Release|Any CPU = Release|Any CPU
	EndGlobalSection
	GlobalSection(ProjectConfigurationPlatforms) = postSolution
		{74A2DCE7-716B-05DA-B63C-CBB161DA5F0C}.Debug|Any CPU.ActiveCfg = Debug|Any CPU
		{74A2DCE7-716B-05DA-B63C-CBB161DA5F0C}.Debug|Any CPU.Build.0 = Debug|Any CPU
		{74A2DCE7-716B-05DA-B63C-CBB161DA5F0C}.Release|Any CPU.ActiveCfg = Release|Any CPU
		{74A2DCE7-716B-05DA-B63C-CBB161DA5F0C}.Release|Any CPU.Build.0 = Release|Any CPU
		{714F2D87-B1E2-E1B0-D43D-970109F533DB}.Debug|Any CPU.ActiveCfg = Debug|Any CPU
		{714F2D87-B1E2-E1B0-D43D-970109F533DB}.Debug|Any CPU.Build.0 = Debug|Any CPU
		{714F2D87-B1E2-E1B0-D43D-970109F533DB}.Release|Any CPU.ActiveCfg = Release|Any CPU
		{714F2D87-B1E2-E1B0-D43D-970109F533DB}.Release|Any CPU.Build.0 = Release|Any CPU
		{907F28B5-F986-CDFE-80D8-415890057150}.Debug|Any CPU.ActiveCfg = Debug|Any CPU
		{907F28B5-F986-CDFE-80D8-415890057150}.Debug|Any CPU.Build.0 = Debug|Any CPU
		{907F28B5-F986-CDFE-80D8-415890057150}.Release|Any CPU.ActiveCfg = Release|Any CPU
		{907F28B5-F986-CDFE-80D8-415890057150}.Release|Any CPU.Build.0 = Release|Any CPU
	EndGlobalSection
	GlobalSection(SolutionProperties) = preSolution
		HideSolutionNode = FALSE
	EndGlobalSection
EndGlobal
